// !$*UTF8*$!
{
	archiveVersion = 1;
	classes = {
	};
	objectVersion = 56;
	objects = {

/* Begin PBXBuildFile section */
		9505432329E5CAC8005D29B5 /* PeawellApp.swift in Sources */ = {isa = PBXBuildFile; fileRef = 9505432229E5CAC8005D29B5 /* PeawellApp.swift */; };
		9505432729E5CACB005D29B5 /* Assets.xcassets in Resources */ = {isa = PBXBuildFile; fileRef = 9505432629E5CACB005D29B5 /* Assets.xcassets */; };
		9505432B29E5CACB005D29B5 /* Preview Assets.xcassets in Resources */ = {isa = PBXBuildFile; fileRef = 9505432A29E5CACB005D29B5 /* Preview Assets.xcassets */; };
		951DCA7229E735D90072E809 /* Main.xcdatamodeld in Sources */ = {isa = PBXBuildFile; fileRef = 951DCA7029E735D90072E809 /* Main.xcdatamodeld */; };
		952B207529EEF64D00884166 /* CalendarView.swift in Sources */ = {isa = PBXBuildFile; fileRef = 952B207429EEF64D00884166 /* CalendarView.swift */; };
		952B207729EF109000884166 /* OverView.swift in Sources */ = {isa = PBXBuildFile; fileRef = 952B207629EF109000884166 /* OverView.swift */; };
		9543A6BE29E6E5C3003046FC /* MainView.swift in Sources */ = {isa = PBXBuildFile; fileRef = 9543A6BD29E6E5C3003046FC /* MainView.swift */; };
		9543A6C229E6E695003046FC /* SettingsView.swift in Sources */ = {isa = PBXBuildFile; fileRef = 9543A6C129E6E695003046FC /* SettingsView.swift */; };
		9590AF8129EC0F51001A84B8 /* PanelView.swift in Sources */ = {isa = PBXBuildFile; fileRef = 9590AF8029EC0F51001A84B8 /* PanelView.swift */; };
		9590FFC229EAAA16005D6DE3 /* Settings.bundle in Resources */ = {isa = PBXBuildFile; fileRef = 9590FFC129EAAA16005D6DE3 /* Settings.bundle */; };
		9592B97929E877D800DC2487 /* PersistenceController.swift in Sources */ = {isa = PBXBuildFile; fileRef = 9592B97829E877D800DC2487 /* PersistenceController.swift */; };
		95943E2F29ED85EF0096CE6B /* MoodPickerView.swift in Sources */ = {isa = PBXBuildFile; fileRef = 95943E2E29ED85EF0096CE6B /* MoodPickerView.swift */; };
		95ECE1BB29EFD5B2001A19B6 /* TabBarView.swift in Sources */ = {isa = PBXBuildFile; fileRef = 95ECE1BA29EFD5B2001A19B6 /* TabBarView.swift */; };
		95ECE1BD29EFE1AE001A19B6 /* MedsView.swift in Sources */ = {isa = PBXBuildFile; fileRef = 95ECE1BC29EFE1AE001A19B6 /* MedsView.swift */; };
/* End PBXBuildFile section */

/* Begin PBXFileReference section */
		9505431F29E5CAC8005D29B5 /* Peawell.app */ = {isa = PBXFileReference; explicitFileType = wrapper.application; includeInIndex = 0; path = Peawell.app; sourceTree = BUILT_PRODUCTS_DIR; };
		9505432229E5CAC8005D29B5 /* PeawellApp.swift */ = {isa = PBXFileReference; lastKnownFileType = sourcecode.swift; path = PeawellApp.swift; sourceTree = "<group>"; };
		9505432629E5CACB005D29B5 /* Assets.xcassets */ = {isa = PBXFileReference; lastKnownFileType = folder.assetcatalog; path = Assets.xcassets; sourceTree = "<group>"; };
		9505432829E5CACB005D29B5 /* Peawell.entitlements */ = {isa = PBXFileReference; lastKnownFileType = text.plist.entitlements; path = Peawell.entitlements; sourceTree = "<group>"; };
		9505432A29E5CACB005D29B5 /* Preview Assets.xcassets */ = {isa = PBXFileReference; lastKnownFileType = folder.assetcatalog; path = "Preview Assets.xcassets"; sourceTree = "<group>"; };
		951DCA7129E735D90072E809 /* Activities.xcdatamodel */ = {isa = PBXFileReference; lastKnownFileType = wrapper.xcdatamodel; path = Activities.xcdatamodel; sourceTree = "<group>"; };
		952B207429EEF64D00884166 /* CalendarView.swift */ = {isa = PBXFileReference; lastKnownFileType = sourcecode.swift; path = CalendarView.swift; sourceTree = "<group>"; };
		952B207629EF109000884166 /* OverView.swift */ = {isa = PBXFileReference; lastKnownFileType = sourcecode.swift; path = OverView.swift; sourceTree = "<group>"; };
		9543A6BD29E6E5C3003046FC /* MainView.swift */ = {isa = PBXFileReference; lastKnownFileType = sourcecode.swift; path = MainView.swift; sourceTree = "<group>"; };
		9543A6C129E6E695003046FC /* SettingsView.swift */ = {isa = PBXFileReference; lastKnownFileType = sourcecode.swift; path = SettingsView.swift; sourceTree = "<group>"; };
		9590AF8029EC0F51001A84B8 /* PanelView.swift */ = {isa = PBXFileReference; lastKnownFileType = sourcecode.swift; path = PanelView.swift; sourceTree = "<group>"; };
		9590FFC129EAAA16005D6DE3 /* Settings.bundle */ = {isa = PBXFileReference; lastKnownFileType = "wrapper.plug-in"; path = Settings.bundle; sourceTree = "<group>"; };
		9592B97829E877D800DC2487 /* PersistenceController.swift */ = {isa = PBXFileReference; lastKnownFileType = sourcecode.swift; path = PersistenceController.swift; sourceTree = "<group>"; };
		95943E2E29ED85EF0096CE6B /* MoodPickerView.swift */ = {isa = PBXFileReference; lastKnownFileType = sourcecode.swift; path = MoodPickerView.swift; sourceTree = "<group>"; };
		95ECE1BA29EFD5B2001A19B6 /* TabBarView.swift */ = {isa = PBXFileReference; lastKnownFileType = sourcecode.swift; path = TabBarView.swift; sourceTree = "<group>"; };
		95ECE1BC29EFE1AE001A19B6 /* MedsView.swift */ = {isa = PBXFileReference; lastKnownFileType = sourcecode.swift; path = MedsView.swift; sourceTree = "<group>"; };
/* End PBXFileReference section */

/* Begin PBXFrameworksBuildPhase section */
		9505431C29E5CAC8005D29B5 /* Frameworks */ = {
			isa = PBXFrameworksBuildPhase;
			buildActionMask = 2147483647;
			files = (
			);
			runOnlyForDeploymentPostprocessing = 0;
		};
/* End PBXFrameworksBuildPhase section */

/* Begin PBXGroup section */
		9505431629E5CAC8005D29B5 = {
			isa = PBXGroup;
			children = (
				9505432129E5CAC8005D29B5 /* Peawell */,
				9505432029E5CAC8005D29B5 /* Products */,
			);
			sourceTree = "<group>";
		};
		9505432029E5CAC8005D29B5 /* Products */ = {
			isa = PBXGroup;
			children = (
				9505431F29E5CAC8005D29B5 /* Peawell.app */,
			);
			name = Products;
			sourceTree = "<group>";
		};
		9505432129E5CAC8005D29B5 /* Peawell */ = {
			isa = PBXGroup;
			children = (
				951DCA7329E735E60072E809 /* Views */,
				9505432229E5CAC8005D29B5 /* PeawellApp.swift */,
				9592B97829E877D800DC2487 /* PersistenceController.swift */,
				951DCA7029E735D90072E809 /* Main.xcdatamodeld */,
				9505432629E5CACB005D29B5 /* Assets.xcassets */,
				9505432829E5CACB005D29B5 /* Peawell.entitlements */,
				9590FFC129EAAA16005D6DE3 /* Settings.bundle */,
				9505432929E5CACB005D29B5 /* Preview Content */,
			);
			path = Peawell;
			sourceTree = "<group>";
		};
		9505432929E5CACB005D29B5 /* Preview Content */ = {
			isa = PBXGroup;
			children = (
				9505432A29E5CACB005D29B5 /* Preview Assets.xcassets */,
			);
			path = "Preview Content";
			sourceTree = "<group>";
		};
		951DCA7329E735E60072E809 /* Views */ = {
			isa = PBXGroup;
			children = (
				95943E2D29ED85D10096CE6B /* CustomViews */,
				9543A6BD29E6E5C3003046FC /* MainView.swift */,
				9543A6C129E6E695003046FC /* SettingsView.swift */,
				952B207629EF109000884166 /* OverView.swift */,
				95ECE1BA29EFD5B2001A19B6 /* TabBarView.swift */,
			);
			path = Views;
			sourceTree = "<group>";
		};
		95943E2D29ED85D10096CE6B /* CustomViews */ = {
			isa = PBXGroup;
			children = (
				9590AF8029EC0F51001A84B8 /* PanelView.swift */,
				95943E2E29ED85EF0096CE6B /* MoodPickerView.swift */,
				952B207429EEF64D00884166 /* CalendarView.swift */,
				95ECE1BC29EFE1AE001A19B6 /* MedsView.swift */,
			);
			path = CustomViews;
			sourceTree = "<group>";
		};
/* End PBXGroup section */

/* Begin PBXNativeTarget section */
		9505431E29E5CAC8005D29B5 /* Peawell */ = {
			isa = PBXNativeTarget;
			buildConfigurationList = 9505432E29E5CACB005D29B5 /* Build configuration list for PBXNativeTarget "Peawell" */;
			buildPhases = (
				9505431B29E5CAC8005D29B5 /* Sources */,
				9505431C29E5CAC8005D29B5 /* Frameworks */,
				9505431D29E5CAC8005D29B5 /* Resources */,
			);
			buildRules = (
			);
			dependencies = (
			);
			name = Peawell;
			productName = Peawell;
			productReference = 9505431F29E5CAC8005D29B5 /* Peawell.app */;
			productType = "com.apple.product-type.application";
		};
/* End PBXNativeTarget section */

/* Begin PBXProject section */
		9505431729E5CAC8005D29B5 /* Project object */ = {
			isa = PBXProject;
			attributes = {
				BuildIndependentTargetsInParallel = 1;
				LastSwiftUpdateCheck = 1420;
				LastUpgradeCheck = 1420;
				TargetAttributes = {
					9505431E29E5CAC8005D29B5 = {
						CreatedOnToolsVersion = 14.2;
					};
				};
			};
			buildConfigurationList = 9505431A29E5CAC8005D29B5 /* Build configuration list for PBXProject "Peawell" */;
			compatibilityVersion = "Xcode 14.0";
			developmentRegion = en;
			hasScannedForEncodings = 0;
			knownRegions = (
				en,
				Base,
			);
			mainGroup = 9505431629E5CAC8005D29B5;
			productRefGroup = 9505432029E5CAC8005D29B5 /* Products */;
			projectDirPath = "";
			projectRoot = "";
			targets = (
				9505431E29E5CAC8005D29B5 /* Peawell */,
			);
		};
/* End PBXProject section */

/* Begin PBXResourcesBuildPhase section */
		9505431D29E5CAC8005D29B5 /* Resources */ = {
			isa = PBXResourcesBuildPhase;
			buildActionMask = 2147483647;
			files = (
				9505432B29E5CACB005D29B5 /* Preview Assets.xcassets in Resources */,
				9590FFC229EAAA16005D6DE3 /* Settings.bundle in Resources */,
				9505432729E5CACB005D29B5 /* Assets.xcassets in Resources */,
			);
			runOnlyForDeploymentPostprocessing = 0;
		};
/* End PBXResourcesBuildPhase section */

/* Begin PBXSourcesBuildPhase section */
		9505431B29E5CAC8005D29B5 /* Sources */ = {
			isa = PBXSourcesBuildPhase;
			buildActionMask = 2147483647;
			files = (
				95ECE1BD29EFE1AE001A19B6 /* MedsView.swift in Sources */,
				952B207529EEF64D00884166 /* CalendarView.swift in Sources */,
				9543A6C229E6E695003046FC /* SettingsView.swift in Sources */,
				9592B97929E877D800DC2487 /* PersistenceController.swift in Sources */,
				9543A6BE29E6E5C3003046FC /* MainView.swift in Sources */,
				9590AF8129EC0F51001A84B8 /* PanelView.swift in Sources */,
				95943E2F29ED85EF0096CE6B /* MoodPickerView.swift in Sources */,
				952B207729EF109000884166 /* OverView.swift in Sources */,
				951DCA7229E735D90072E809 /* Main.xcdatamodeld in Sources */,
				95ECE1BB29EFD5B2001A19B6 /* TabBarView.swift in Sources */,
				9505432329E5CAC8005D29B5 /* PeawellApp.swift in Sources */,
			);
			runOnlyForDeploymentPostprocessing = 0;
		};
/* End PBXSourcesBuildPhase section */

/* Begin XCBuildConfiguration section */
		9505432C29E5CACB005D29B5 /* Debug */ = {
			isa = XCBuildConfiguration;
			buildSettings = {
				ALWAYS_SEARCH_USER_PATHS = NO;
				CLANG_ANALYZER_NONNULL = YES;
				CLANG_ANALYZER_NUMBER_OBJECT_CONVERSION = YES_AGGRESSIVE;
				CLANG_CXX_LANGUAGE_STANDARD = "gnu++20";
				CLANG_ENABLE_MODULES = YES;
				CLANG_ENABLE_OBJC_ARC = YES;
				CLANG_ENABLE_OBJC_WEAK = YES;
				CLANG_WARN_BLOCK_CAPTURE_AUTORELEASING = YES;
				CLANG_WARN_BOOL_CONVERSION = YES;
				CLANG_WARN_COMMA = YES;
				CLANG_WARN_CONSTANT_CONVERSION = YES;
				CLANG_WARN_DEPRECATED_OBJC_IMPLEMENTATIONS = YES;
				CLANG_WARN_DIRECT_OBJC_ISA_USAGE = YES_ERROR;
				CLANG_WARN_DOCUMENTATION_COMMENTS = YES;
				CLANG_WARN_EMPTY_BODY = YES;
				CLANG_WARN_ENUM_CONVERSION = YES;
				CLANG_WARN_INFINITE_RECURSION = YES;
				CLANG_WARN_INT_CONVERSION = YES;
				CLANG_WARN_NON_LITERAL_NULL_CONVERSION = YES;
				CLANG_WARN_OBJC_IMPLICIT_RETAIN_SELF = YES;
				CLANG_WARN_OBJC_LITERAL_CONVERSION = YES;
				CLANG_WARN_OBJC_ROOT_CLASS = YES_ERROR;
				CLANG_WARN_QUOTED_INCLUDE_IN_FRAMEWORK_HEADER = YES;
				CLANG_WARN_RANGE_LOOP_ANALYSIS = YES;
				CLANG_WARN_STRICT_PROTOTYPES = YES;
				CLANG_WARN_SUSPICIOUS_MOVE = YES;
				CLANG_WARN_UNGUARDED_AVAILABILITY = YES_AGGRESSIVE;
				CLANG_WARN_UNREACHABLE_CODE = YES;
				CLANG_WARN__DUPLICATE_METHOD_MATCH = YES;
				COPY_PHASE_STRIP = NO;
				DEBUG_INFORMATION_FORMAT = dwarf;
				ENABLE_STRICT_OBJC_MSGSEND = YES;
				ENABLE_TESTABILITY = YES;
				GCC_C_LANGUAGE_STANDARD = gnu11;
				GCC_DYNAMIC_NO_PIC = NO;
				GCC_NO_COMMON_BLOCKS = YES;
				GCC_OPTIMIZATION_LEVEL = 0;
				GCC_PREPROCESSOR_DEFINITIONS = (
					"DEBUG=1",
					"$(inherited)",
				);
				GCC_WARN_64_TO_32_BIT_CONVERSION = YES;
				GCC_WARN_ABOUT_RETURN_TYPE = YES_ERROR;
				GCC_WARN_UNDECLARED_SELECTOR = YES;
				GCC_WARN_UNINITIALIZED_AUTOS = YES_AGGRESSIVE;
				GCC_WARN_UNUSED_FUNCTION = YES;
				GCC_WARN_UNUSED_VARIABLE = YES;
				INFOPLIST_KEY_LSSupportsOpeningDocumentsInPlace = NO;
				INFOPLIST_KEY_NSCalendarsUsageDescription = "This will only add Peawell events to your system calendar. Refuse this if you don't need it.";
				IPHONEOS_DEPLOYMENT_TARGET = 15.0;
				MACOSX_DEPLOYMENT_TARGET = 12.0;
				MTL_ENABLE_DEBUG_INFO = INCLUDE_SOURCE;
				MTL_FAST_MATH = YES;
				ONLY_ACTIVE_ARCH = YES;
				SWIFT_ACTIVE_COMPILATION_CONDITIONS = DEBUG;
				SWIFT_OPTIMIZATION_LEVEL = "-Onone";
			};
			name = Debug;
		};
		9505432D29E5CACB005D29B5 /* Release */ = {
			isa = XCBuildConfiguration;
			buildSettings = {
				ALWAYS_SEARCH_USER_PATHS = NO;
				CLANG_ANALYZER_NONNULL = YES;
				CLANG_ANALYZER_NUMBER_OBJECT_CONVERSION = YES_AGGRESSIVE;
				CLANG_CXX_LANGUAGE_STANDARD = "gnu++20";
				CLANG_ENABLE_MODULES = YES;
				CLANG_ENABLE_OBJC_ARC = YES;
				CLANG_ENABLE_OBJC_WEAK = YES;
				CLANG_WARN_BLOCK_CAPTURE_AUTORELEASING = YES;
				CLANG_WARN_BOOL_CONVERSION = YES;
				CLANG_WARN_COMMA = YES;
				CLANG_WARN_CONSTANT_CONVERSION = YES;
				CLANG_WARN_DEPRECATED_OBJC_IMPLEMENTATIONS = YES;
				CLANG_WARN_DIRECT_OBJC_ISA_USAGE = YES_ERROR;
				CLANG_WARN_DOCUMENTATION_COMMENTS = YES;
				CLANG_WARN_EMPTY_BODY = YES;
				CLANG_WARN_ENUM_CONVERSION = YES;
				CLANG_WARN_INFINITE_RECURSION = YES;
				CLANG_WARN_INT_CONVERSION = YES;
				CLANG_WARN_NON_LITERAL_NULL_CONVERSION = YES;
				CLANG_WARN_OBJC_IMPLICIT_RETAIN_SELF = YES;
				CLANG_WARN_OBJC_LITERAL_CONVERSION = YES;
				CLANG_WARN_OBJC_ROOT_CLASS = YES_ERROR;
				CLANG_WARN_QUOTED_INCLUDE_IN_FRAMEWORK_HEADER = YES;
				CLANG_WARN_RANGE_LOOP_ANALYSIS = YES;
				CLANG_WARN_STRICT_PROTOTYPES = YES;
				CLANG_WARN_SUSPICIOUS_MOVE = YES;
				CLANG_WARN_UNGUARDED_AVAILABILITY = YES_AGGRESSIVE;
				CLANG_WARN_UNREACHABLE_CODE = YES;
				CLANG_WARN__DUPLICATE_METHOD_MATCH = YES;
				COPY_PHASE_STRIP = NO;
				DEBUG_INFORMATION_FORMAT = "dwarf-with-dsym";
				ENABLE_NS_ASSERTIONS = NO;
				ENABLE_STRICT_OBJC_MSGSEND = YES;
				GCC_C_LANGUAGE_STANDARD = gnu11;
				GCC_NO_COMMON_BLOCKS = YES;
				GCC_WARN_64_TO_32_BIT_CONVERSION = YES;
				GCC_WARN_ABOUT_RETURN_TYPE = YES_ERROR;
				GCC_WARN_UNDECLARED_SELECTOR = YES;
				GCC_WARN_UNINITIALIZED_AUTOS = YES_AGGRESSIVE;
				GCC_WARN_UNUSED_FUNCTION = YES;
				GCC_WARN_UNUSED_VARIABLE = YES;
				INFOPLIST_KEY_LSSupportsOpeningDocumentsInPlace = NO;
				INFOPLIST_KEY_NSCalendarsUsageDescription = "This will only add Peawell events to your system calendar. Refuse this if you don't need it.";
				IPHONEOS_DEPLOYMENT_TARGET = 15.0;
				MACOSX_DEPLOYMENT_TARGET = 12.0;
				MTL_ENABLE_DEBUG_INFO = NO;
				MTL_FAST_MATH = YES;
				SWIFT_COMPILATION_MODE = wholemodule;
				SWIFT_OPTIMIZATION_LEVEL = "-O";
			};
			name = Release;
		};
		9505432F29E5CACB005D29B5 /* Debug */ = {
			isa = XCBuildConfiguration;
			buildSettings = {
				ASSETCATALOG_COMPILER_APPICON_NAME = AppIcon;
				ASSETCATALOG_COMPILER_GLOBAL_ACCENT_COLOR_NAME = AccentColor;
				CODE_SIGN_ENTITLEMENTS = Peawell/Peawell.entitlements;
				CODE_SIGN_STYLE = Automatic;
				CURRENT_PROJECT_VERSION = 1;
				DEVELOPMENT_ASSET_PATHS = "\"Peawell/Preview Content\"";
				DEVELOPMENT_TEAM = WZVSAK6655;
				ENABLE_HARDENED_RUNTIME = YES;
				ENABLE_PREVIEWS = YES;
				GENERATE_INFOPLIST_FILE = YES;
				INFOPLIST_KEY_CFBundleDisplayName = Peawell;
				"INFOPLIST_KEY_UIApplicationSceneManifest_Generation[sdk=iphoneos*]" = YES;
				"INFOPLIST_KEY_UIApplicationSceneManifest_Generation[sdk=iphonesimulator*]" = YES;
				"INFOPLIST_KEY_UIApplicationSupportsIndirectInputEvents[sdk=iphoneos*]" = YES;
				"INFOPLIST_KEY_UIApplicationSupportsIndirectInputEvents[sdk=iphonesimulator*]" = YES;
				"INFOPLIST_KEY_UILaunchScreen_Generation[sdk=iphoneos*]" = YES;
				"INFOPLIST_KEY_UILaunchScreen_Generation[sdk=iphonesimulator*]" = YES;
				INFOPLIST_KEY_UIStatusBarStyle = "";
				"INFOPLIST_KEY_UIStatusBarStyle[sdk=iphoneos*]" = UIStatusBarStyleDefault;
				"INFOPLIST_KEY_UIStatusBarStyle[sdk=iphonesimulator*]" = UIStatusBarStyleDefault;
				INFOPLIST_KEY_UISupportedInterfaceOrientations = UIInterfaceOrientationPortrait;
				INFOPLIST_KEY_UISupportedInterfaceOrientations_iPad = "UIInterfaceOrientationLandscapeLeft UIInterfaceOrientationLandscapeRight UIInterfaceOrientationPortrait UIInterfaceOrientationPortraitUpsideDown";
				IPHONEOS_DEPLOYMENT_TARGET = 15.0;
				LD_RUNPATH_SEARCH_PATHS = "@executable_path/Frameworks";
				"LD_RUNPATH_SEARCH_PATHS[sdk=macosx*]" = "@executable_path/../Frameworks";
				MACOSX_DEPLOYMENT_TARGET = 12.0;
				MARKETING_VERSION = 0.1;
				PRODUCT_BUNDLE_IDENTIFIER = com.Semmelstulle.Peawell;
				PRODUCT_NAME = "$(TARGET_NAME)";
				SDKROOT = auto;
				SUPPORTED_PLATFORMS = "iphoneos iphonesimulator";
				SUPPORTS_MACCATALYST = NO;
				SUPPORTS_MAC_DESIGNED_FOR_IPHONE_IPAD = NO;
				SWIFT_EMIT_LOC_STRINGS = YES;
				SWIFT_VERSION = 5.0;
				TARGETED_DEVICE_FAMILY = 1;
			};
			name = Debug;
		};
		9505433029E5CACB005D29B5 /* Release */ = {
			isa = XCBuildConfiguration;
			buildSettings = {
				ASSETCATALOG_COMPILER_APPICON_NAME = AppIcon;
				ASSETCATALOG_COMPILER_GLOBAL_ACCENT_COLOR_NAME = AccentColor;
				CODE_SIGN_ENTITLEMENTS = Peawell/Peawell.entitlements;
				CODE_SIGN_STYLE = Automatic;
				CURRENT_PROJECT_VERSION = 1;
				DEVELOPMENT_ASSET_PATHS = "\"Peawell/Preview Content\"";
				DEVELOPMENT_TEAM = WZVSAK6655;
				ENABLE_HARDENED_RUNTIME = YES;
				ENABLE_PREVIEWS = YES;
				GENERATE_INFOPLIST_FILE = YES;
				INFOPLIST_KEY_CFBundleDisplayName = Peawell;
				"INFOPLIST_KEY_UIApplicationSceneManifest_Generation[sdk=iphoneos*]" = YES;
				"INFOPLIST_KEY_UIApplicationSceneManifest_Generation[sdk=iphonesimulator*]" = YES;
				"INFOPLIST_KEY_UIApplicationSupportsIndirectInputEvents[sdk=iphoneos*]" = YES;
				"INFOPLIST_KEY_UIApplicationSupportsIndirectInputEvents[sdk=iphonesimulator*]" = YES;
				"INFOPLIST_KEY_UILaunchScreen_Generation[sdk=iphoneos*]" = YES;
				"INFOPLIST_KEY_UILaunchScreen_Generation[sdk=iphonesimulator*]" = YES;
				INFOPLIST_KEY_UIStatusBarStyle = "";
				"INFOPLIST_KEY_UIStatusBarStyle[sdk=iphoneos*]" = UIStatusBarStyleDefault;
				"INFOPLIST_KEY_UIStatusBarStyle[sdk=iphonesimulator*]" = UIStatusBarStyleDefault;
				INFOPLIST_KEY_UISupportedInterfaceOrientations = UIInterfaceOrientationPortrait;
				INFOPLIST_KEY_UISupportedInterfaceOrientations_iPad = "UIInterfaceOrientationLandscapeLeft UIInterfaceOrientationLandscapeRight UIInterfaceOrientationPortrait UIInterfaceOrientationPortraitUpsideDown";
				IPHONEOS_DEPLOYMENT_TARGET = 15.0;
				LD_RUNPATH_SEARCH_PATHS = "@executable_path/Frameworks";
				"LD_RUNPATH_SEARCH_PATHS[sdk=macosx*]" = "@executable_path/../Frameworks";
				MACOSX_DEPLOYMENT_TARGET = 12.0;
				MARKETING_VERSION = 0.1;
				PRODUCT_BUNDLE_IDENTIFIER = com.Semmelstulle.Peawell;
				PRODUCT_NAME = "$(TARGET_NAME)";
				SDKROOT = auto;
				SUPPORTED_PLATFORMS = "iphoneos iphonesimulator";
				SUPPORTS_MACCATALYST = NO;
				SUPPORTS_MAC_DESIGNED_FOR_IPHONE_IPAD = NO;
				SWIFT_EMIT_LOC_STRINGS = YES;
				SWIFT_VERSION = 5.0;
				TARGETED_DEVICE_FAMILY = 1;
			};
			name = Release;
		};
/* End XCBuildConfiguration section */

/* Begin XCConfigurationList section */
		9505431A29E5CAC8005D29B5 /* Build configuration list for PBXProject "Peawell" */ = {
			isa = XCConfigurationList;
			buildConfigurations = (
				9505432C29E5CACB005D29B5 /* Debug */,
				9505432D29E5CACB005D29B5 /* Release */,
			);
			defaultConfigurationIsVisible = 0;
			defaultConfigurationName = Release;
		};
		9505432E29E5CACB005D29B5 /* Build configuration list for PBXNativeTarget "Peawell" */ = {
			isa = XCConfigurationList;
			buildConfigurations = (
				9505432F29E5CACB005D29B5 /* Debug */,
				9505433029E5CACB005D29B5 /* Release */,
			);
			defaultConfigurationIsVisible = 0;
			defaultConfigurationName = Release;
		};
/* End XCConfigurationList section */

/* Begin XCVersionGroup section */
		951DCA7029E735D90072E809 /* Main.xcdatamodeld */ = {
			isa = XCVersionGroup;
			children = (
				951DCA7129E735D90072E809 /* Activities.xcdatamodel */,
			);
			currentVersion = 951DCA7129E735D90072E809 /* Activities.xcdatamodel */;
			path = Main.xcdatamodeld;
			sourceTree = "<group>";
			versionGroupType = wrapper.xcdatamodel;
		};
/* End XCVersionGroup section */
	};
	rootObject = 9505431729E5CAC8005D29B5 /* Project object */;
}
